// !$*UTF8*$!
{
	archiveVersion = 1;
	classes = {
	};
	objectVersion = 50;
	objects = {

/* Begin PBXBuildFile section */
		E22B3B612186FC9D00C365CE /* SectionHeaderView.swift in Sources */ = {isa = PBXBuildFile; fileRef = E22B3B602186FC9D00C365CE /* SectionHeaderView.swift */; };
		E22B3B6321870A0600C365CE /* DetailViewController.swift in Sources */ = {isa = PBXBuildFile; fileRef = E22B3B6221870A0600C365CE /* DetailViewController.swift */; };
		E2AF450021867115008F07A2 /* AppDelegate.swift in Sources */ = {isa = PBXBuildFile; fileRef = E2AF44FF21867115008F07A2 /* AppDelegate.swift */; };
		E2AF450221867115008F07A2 /* ViewController.swift in Sources */ = {isa = PBXBuildFile; fileRef = E2AF450121867115008F07A2 /* ViewController.swift */; };
		E2AF450521867115008F07A2 /* Main.storyboard in Resources */ = {isa = PBXBuildFile; fileRef = E2AF450321867115008F07A2 /* Main.storyboard */; };
		E2AF450721867115008F07A2 /* Assets.xcassets in Resources */ = {isa = PBXBuildFile; fileRef = E2AF450621867115008F07A2 /* Assets.xcassets */; };
		E2AF450A21867115008F07A2 /* LaunchScreen.storyboard in Resources */ = {isa = PBXBuildFile; fileRef = E2AF450821867115008F07A2 /* LaunchScreen.storyboard */; };
		E2AF451321867136008F07A2 /* Photo.swift in Sources */ = {isa = PBXBuildFile; fileRef = E2AF451221867136008F07A2 /* Photo.swift */; };
		E2AF451821867AFA008F07A2 /* PhotoCell.swift in Sources */ = {isa = PBXBuildFile; fileRef = E2AF451721867AFA008F07A2 /* PhotoCell.swift */; };
/* End PBXBuildFile section */

/* Begin PBXFileReference section */
		E22B3B602186FC9D00C365CE /* SectionHeaderView.swift */ = {isa = PBXFileReference; lastKnownFileType = sourcecode.swift; path = SectionHeaderView.swift; sourceTree = "<group>"; };
		E22B3B6221870A0600C365CE /* DetailViewController.swift */ = {isa = PBXFileReference; lastKnownFileType = sourcecode.swift; path = DetailViewController.swift; sourceTree = "<group>"; };
		E2AF44FC21867115008F07A2 /* PhotomanicCW.app */ = {isa = PBXFileReference; explicitFileType = wrapper.application; includeInIndex = 0; path = PhotomanicCW.app; sourceTree = BUILT_PRODUCTS_DIR; };
		E2AF44FF21867115008F07A2 /* AppDelegate.swift */ = {isa = PBXFileReference; lastKnownFileType = sourcecode.swift; path = AppDelegate.swift; sourceTree = "<group>"; };
		E2AF450121867115008F07A2 /* ViewController.swift */ = {isa = PBXFileReference; lastKnownFileType = sourcecode.swift; path = ViewController.swift; sourceTree = "<group>"; };
		E2AF450421867115008F07A2 /* Base */ = {isa = PBXFileReference; lastKnownFileType = file.storyboard; name = Base; path = Base.lproj/Main.storyboard; sourceTree = "<group>"; };
		E2AF450621867115008F07A2 /* Assets.xcassets */ = {isa = PBXFileReference; lastKnownFileType = folder.assetcatalog; path = Assets.xcassets; sourceTree = "<group>"; };
		E2AF450921867115008F07A2 /* Base */ = {isa = PBXFileReference; lastKnownFileType = file.storyboard; name = Base; path = Base.lproj/LaunchScreen.storyboard; sourceTree = "<group>"; };
		E2AF450B21867115008F07A2 /* Info.plist */ = {isa = PBXFileReference; lastKnownFileType = text.plist.xml; path = Info.plist; sourceTree = "<group>"; };
		E2AF451221867136008F07A2 /* Photo.swift */ = {isa = PBXFileReference; lastKnownFileType = sourcecode.swift; path = Photo.swift; sourceTree = "<group>"; };
		E2AF451721867AFA008F07A2 /* PhotoCell.swift */ = {isa = PBXFileReference; lastKnownFileType = sourcecode.swift; path = PhotoCell.swift; sourceTree = "<group>"; };
/* End PBXFileReference section */

/* Begin PBXFrameworksBuildPhase section */
		E2AF44F921867115008F07A2 /* Frameworks */ = {
			isa = PBXFrameworksBuildPhase;
			buildActionMask = 2147483647;
			files = (
			);
			runOnlyForDeploymentPostprocessing = 0;
		};
/* End PBXFrameworksBuildPhase section */

/* Begin PBXGroup section */
		E2AF44F321867115008F07A2 = {
			isa = PBXGroup;
			children = (
				E2AF44FE21867115008F07A2 /* PhotomanicCW */,
				E2AF44FD21867115008F07A2 /* Products */,
			);
			sourceTree = "<group>";
		};
		E2AF44FD21867115008F07A2 /* Products */ = {
			isa = PBXGroup;
			children = (
				E2AF44FC21867115008F07A2 /* PhotomanicCW.app */,
			);
			name = Products;
			sourceTree = "<group>";
		};
		E2AF44FE21867115008F07A2 /* PhotomanicCW */ = {
			isa = PBXGroup;
			children = (
				E2AF451621867780008F07A2 /* Controllers */,
				E2AF451521867778008F07A2 /* Views */,
				E2AF451121867121008F07A2 /* Models */,
				E2AF45142186776B008F07A2 /* Support Files */,
				E2AF450B21867115008F07A2 /* Info.plist */,
			);
			path = PhotomanicCW;
			sourceTree = "<group>";
		};
		E2AF451121867121008F07A2 /* Models */ = {
			isa = PBXGroup;
			children = (
				E2AF451221867136008F07A2 /* Photo.swift */,
			);
			path = Models;
			sourceTree = "<group>";
		};
		E2AF45142186776B008F07A2 /* Support Files */ = {
			isa = PBXGroup;
			children = (
				E2AF44FF21867115008F07A2 /* AppDelegate.swift */,
				E2AF450621867115008F07A2 /* Assets.xcassets */,
				E2AF450821867115008F07A2 /* LaunchScreen.storyboard */,
			);
			path = "Support Files";
			sourceTree = "<group>";
		};
		E2AF451521867778008F07A2 /* Views */ = {
			isa = PBXGroup;
			children = (
				E2AF450321867115008F07A2 /* Main.storyboard */,
				E2AF451721867AFA008F07A2 /* PhotoCell.swift */,
				E22B3B602186FC9D00C365CE /* SectionHeaderView.swift */,
			);
			path = Views;
			sourceTree = "<group>";
		};
		E2AF451621867780008F07A2 /* Controllers */ = {
			isa = PBXGroup;
			children = (
				E2AF450121867115008F07A2 /* ViewController.swift */,
				E22B3B6221870A0600C365CE /* DetailViewController.swift */,
			);
			path = Controllers;
			sourceTree = "<group>";
		};
/* End PBXGroup section */

/* Begin PBXNativeTarget section */
		E2AF44FB21867115008F07A2 /* PhotomanicCW */ = {
			isa = PBXNativeTarget;
			buildConfigurationList = E2AF450E21867115008F07A2 /* Build configuration list for PBXNativeTarget "PhotomanicCW" */;
			buildPhases = (
				E2AF44F821867115008F07A2 /* Sources */,
				E2AF44F921867115008F07A2 /* Frameworks */,
				E2AF44FA21867115008F07A2 /* Resources */,
			);
			buildRules = (
			);
			dependencies = (
			);
			name = PhotomanicCW;
			productName = PhotomanicCW;
			productReference = E2AF44FC21867115008F07A2 /* PhotomanicCW.app */;
			productType = "com.apple.product-type.application";
		};
/* End PBXNativeTarget section */

/* Begin PBXProject section */
		E2AF44F421867115008F07A2 /* Project object */ = {
			isa = PBXProject;
			attributes = {
				LastSwiftUpdateCheck = 1000;
				LastUpgradeCheck = 1000;
				ORGANIZATIONNAME = developersancho;
				TargetAttributes = {
					E2AF44FB21867115008F07A2 = {
						CreatedOnToolsVersion = 10.0;
					};
				};
			};
			buildConfigurationList = E2AF44F721867115008F07A2 /* Build configuration list for PBXProject "PhotomanicCW" */;
			compatibilityVersion = "Xcode 9.3";
			developmentRegion = en;
			hasScannedForEncodings = 0;
			knownRegions = (
				en,
				Base,
			);
			mainGroup = E2AF44F321867115008F07A2;
			productRefGroup = E2AF44FD21867115008F07A2 /* Products */;
			projectDirPath = "";
			projectRoot = "";
			targets = (
				E2AF44FB21867115008F07A2 /* PhotomanicCW */,
			);
		};
/* End PBXProject section */

/* Begin PBXResourcesBuildPhase section */
		E2AF44FA21867115008F07A2 /* Resources */ = {
			isa = PBXResourcesBuildPhase;
			buildActionMask = 2147483647;
			files = (
				E2AF450A21867115008F07A2 /* LaunchScreen.storyboard in Resources */,
				E2AF450721867115008F07A2 /* Assets.xcassets in Resources */,
				E2AF450521867115008F07A2 /* Main.storyboard in Resources */,
			);
			runOnlyForDeploymentPostprocessing = 0;
		};
/* End PBXResourcesBuildPhase section */

/* Begin PBXSourcesBuildPhase section */
		E2AF44F821867115008F07A2 /* Sources */ = {
			isa = PBXSourcesBuildPhase;
			buildActionMask = 2147483647;
			files = (
				E2AF451821867AFA008F07A2 /* PhotoCell.swift in Sources */,
				E2AF451321867136008F07A2 /* Photo.swift in Sources */,
				E22B3B612186FC9D00C365CE /* SectionHeaderView.swift in Sources */,
				E22B3B6321870A0600C365CE /* DetailViewController.swift in Sources */,
				E2AF450221867115008F07A2 /* ViewController.swift in Sources */,
				E2AF450021867115008F07A2 /* AppDelegate.swift in Sources */,
			);
			runOnlyForDeploymentPostprocessing = 0;
		};
/* End PBXSourcesBuildPhase section */

/* Begin PBXVariantGroup section */
		E2AF450321867115008F07A2 /* Main.storyboard */ = {
			isa = PBXVariantGroup;
			children = (
				E2AF450421867115008F07A2 /* Base */,
			);
			name = Main.storyboard;
			sourceTree = "<group>";
		};
		E2AF450821867115008F07A2 /* LaunchScreen.storyboard */ = {
			isa = PBXVariantGroup;
			children = (
				E2AF450921867115008F07A2 /* Base */,
			);
			name = LaunchScreen.storyboard;
			sourceTree = "<group>";
		};
/* End PBXVariantGroup section */

/* Begin XCBuildConfiguration section */
		E2AF450C21867115008F07A2 /* Debug */ = {
			isa = XCBuildConfiguration;
			buildSettings = {
				ALWAYS_SEARCH_USER_PATHS = NO;
				CLANG_ANALYZER_NONNULL = YES;
				CLANG_ANALYZER_NUMBER_OBJECT_CONVERSION = YES_AGGRESSIVE;
				CLANG_CXX_LANGUAGE_STANDARD = "gnu++14";
				CLANG_CXX_LIBRARY = "libc++";
				CLANG_ENABLE_MODULES = YES;
				CLANG_ENABLE_OBJC_ARC = YES;
				CLANG_ENABLE_OBJC_WEAK = YES;
				CLANG_WARN_BLOCK_CAPTURE_AUTORELEASING = YES;
				CLANG_WARN_BOOL_CONVERSION = YES;
				CLANG_WARN_COMMA = YES;
				CLANG_WARN_CONSTANT_CONVERSION = YES;
				CLANG_WARN_DEPRECATED_OBJC_IMPLEMENTATIONS = YES;
				CLANG_WARN_DIRECT_OBJC_ISA_USAGE = YES_ERROR;
				CLANG_WARN_DOCUMENTATION_COMMENTS = YES;
				CLANG_WARN_EMPTY_BODY = YES;
				CLANG_WARN_ENUM_CONVERSION = YES;
				CLANG_WARN_INFINITE_RECURSION = YES;
				CLANG_WARN_INT_CONVERSION = YES;
				CLANG_WARN_NON_LITERAL_NULL_CONVERSION = YES;
				CLANG_WARN_OBJC_IMPLICIT_RETAIN_SELF = YES;
				CLANG_WARN_OBJC_LITERAL_CONVERSION = YES;
				CLANG_WARN_OBJC_ROOT_CLASS = YES_ERROR;
				CLANG_WARN_RANGE_LOOP_ANALYSIS = YES;
				CLANG_WARN_STRICT_PROTOTYPES = YES;
				CLANG_WARN_SUSPICIOUS_MOVE = YES;
				CLANG_WARN_UNGUARDED_AVAILABILITY = YES_AGGRESSIVE;
				CLANG_WARN_UNREACHABLE_CODE = YES;
				CLANG_WARN__DUPLICATE_METHOD_MATCH = YES;
				CODE_SIGN_IDENTITY = "iPhone Developer";
				COPY_PHASE_STRIP = NO;
				DEBUG_INFORMATION_FORMAT = dwarf;
				ENABLE_STRICT_OBJC_MSGSEND = YES;
				ENABLE_TESTABILITY = YES;
				GCC_C_LANGUAGE_STANDARD = gnu11;
				GCC_DYNAMIC_NO_PIC = NO;
				GCC_NO_COMMON_BLOCKS = YES;
				GCC_OPTIMIZATION_LEVEL = 0;
				GCC_PREPROCESSOR_DEFINITIONS = (
					"DEBUG=1",
					"$(inherited)",
				);
				GCC_WARN_64_TO_32_BIT_CONVERSION = YES;
				GCC_WARN_ABOUT_RETURN_TYPE = YES_ERROR;
				GCC_WARN_UNDECLARED_SELECTOR = YES;
				GCC_WARN_UNINITIALIZED_AUTOS = YES_AGGRESSIVE;
				GCC_WARN_UNUSED_FUNCTION = YES;
				GCC_WARN_UNUSED_VARIABLE = YES;
				IPHONEOS_DEPLOYMENT_TARGET = 12.0;
				MTL_ENABLE_DEBUG_INFO = INCLUDE_SOURCE;
				MTL_FAST_MATH = YES;
				ONLY_ACTIVE_ARCH = YES;
				SDKROOT = iphoneos;
				SWIFT_ACTIVE_COMPILATION_CONDITIONS = DEBUG;
				SWIFT_OPTIMIZATION_LEVEL = "-Onone";
			};
			name = Debug;
		};
		E2AF450D21867115008F07A2 /* Release */ = {
			isa = XCBuildConfiguration;
			buildSettings = {
				ALWAYS_SEARCH_USER_PATHS = NO;
				CLANG_ANALYZER_NONNULL = YES;
				CLANG_ANALYZER_NUMBER_OBJECT_CONVERSION = YES_AGGRESSIVE;
				CLANG_CXX_LANGUAGE_STANDARD = "gnu++14";
				CLANG_CXX_LIBRARY = "libc++";
				CLANG_ENABLE_MODULES = YES;
				CLANG_ENABLE_OBJC_ARC = YES;
				CLANG_ENABLE_OBJC_WEAK = YES;
				CLANG_WARN_BLOCK_CAPTURE_AUTORELEASING = YES;
				CLANG_WARN_BOOL_CONVERSION = YES;
				CLANG_WARN_COMMA = YES;
				CLANG_WARN_CONSTANT_CONVERSION = YES;
				CLANG_WARN_DEPRECATED_OBJC_IMPLEMENTATIONS = YES;
				CLANG_WARN_DIRECT_OBJC_ISA_USAGE = YES_ERROR;
				CLANG_WARN_DOCUMENTATION_COMMENTS = YES;
				CLANG_WARN_EMPTY_BODY = YES;
				CLANG_WARN_ENUM_CONVERSION = YES;
				CLANG_WARN_INFINITE_RECURSION = YES;
				CLANG_WARN_INT_CONVERSION = YES;
				CLANG_WARN_NON_LITERAL_NULL_CONVERSION = YES;
				CLANG_WARN_OBJC_IMPLICIT_RETAIN_SELF = YES;
				CLANG_WARN_OBJC_LITERAL_CONVERSION = YES;
				CLANG_WARN_OBJC_ROOT_CLASS = YES_ERROR;
				CLANG_WARN_RANGE_LOOP_ANALYSIS = YES;
				CLANG_WARN_STRICT_PROTOTYPES = YES;
				CLANG_WARN_SUSPICIOUS_MOVE = YES;
				CLANG_WARN_UNGUARDED_AVAILABILITY = YES_AGGRESSIVE;
				CLANG_WARN_UNREACHABLE_CODE = YES;
				CLANG_WARN__DUPLICATE_METHOD_MATCH = YES;
				CODE_SIGN_IDENTITY = "iPhone Developer";
				COPY_PHASE_STRIP = NO;
				DEBUG_INFORMATION_FORMAT = "dwarf-with-dsym";
				ENABLE_NS_ASSERTIONS = NO;
				ENABLE_STRICT_OBJC_MSGSEND = YES;
				GCC_C_LANGUAGE_STANDARD = gnu11;
				GCC_NO_COMMON_BLOCKS = YES;
				GCC_WARN_64_TO_32_BIT_CONVERSION = YES;
				GCC_WARN_ABOUT_RETURN_TYPE = YES_ERROR;
				GCC_WARN_UNDECLARED_SELECTOR = YES;
				GCC_WARN_UNINITIALIZED_AUTOS = YES_AGGRESSIVE;
				GCC_WARN_UNUSED_FUNCTION = YES;
				GCC_WARN_UNUSED_VARIABLE = YES;
				IPHONEOS_DEPLOYMENT_TARGET = 12.0;
				MTL_ENABLE_DEBUG_INFO = NO;
				MTL_FAST_MATH = YES;
				SDKROOT = iphoneos;
				SWIFT_COMPILATION_MODE = wholemodule;
				SWIFT_OPTIMIZATION_LEVEL = "-O";
				VALIDATE_PRODUCT = YES;
			};
			name = Release;
		};
		E2AF450F21867115008F07A2 /* Debug */ = {
			isa = XCBuildConfiguration;
			buildSettings = {
				ASSETCATALOG_COMPILER_APPICON_NAME = AppIcon;
				CODE_SIGN_STYLE = Automatic;
				DEVELOPMENT_TEAM = CYBRMS43C3;
				INFOPLIST_FILE = PhotomanicCW/Info.plist;
				LD_RUNPATH_SEARCH_PATHS = (
					"$(inherited)",
					"@executable_path/Frameworks",
				);
				PRODUCT_BUNDLE_IDENTIFIER = developersancho.PhotomanicCW;
				PRODUCT_NAME = "$(TARGET_NAME)";
				SWIFT_VERSION = 4.2;
				TARGETED_DEVICE_FAMILY = "1,2";
			};
			name = Debug;
		};
		E2AF451021867115008F07A2 /* Release */ = {
			isa = XCBuildConfiguration;
			buildSettings = {
				ASSETCATALOG_COMPILER_APPICON_NAME = AppIcon;
				CODE_SIGN_STYLE = Automatic;
				DEVELOPMENT_TEAM = CYBRMS43C3;
				INFOPLIST_FILE = PhotomanicCW/Info.plist;
				LD_RUNPATH_SEARCH_PATHS = (
					"$(inherited)",
					"@executable_path/Frameworks",
				);
				PRODUCT_BUNDLE_IDENTIFIER = developersancho.PhotomanicCW;
				PRODUCT_NAME = "$(TARGET_NAME)";
				SWIFT_VERSION = 4.2;
				TARGETED_DEVICE_FAMILY = "1,2";
			};
			name = Release;
		};
/* End XCBuildConfiguration section */

/* Begin XCConfigurationList section */
		E2AF44F721867115008F07A2 /* Build configuration list for PBXProject "PhotomanicCW" */ = {
			isa = XCConfigurationList;
			buildConfigurations = (
				E2AF450C21867115008F07A2 /* Debug */,
				E2AF450D21867115008F07A2 /* Release */,
			);
			defaultConfigurationIsVisible = 0;
			defaultConfigurationName = Release;
		};
		E2AF450E21867115008F07A2 /* Build configuration list for PBXNativeTarget "PhotomanicCW" */ = {
			isa = XCConfigurationList;
			buildConfigurations = (
				E2AF450F21867115008F07A2 /* Debug */,
				E2AF451021867115008F07A2 /* Release */,
			);
			defaultConfigurationIsVisible = 0;
			defaultConfigurationName = Release;
		};
/* End XCConfigurationList section */
	};
	rootObject = E2AF44F421867115008F07A2 /* Project object */;
}
